
Microsoft Visual Studio Solution File, Format Version 12.00
Project("{FAE04EC0-301F-11D3-BF4B-00C04F79EFBC}") = "BikeRental.Domain", "BikeRental.Domain\BikeRental.Domain.csproj", "{1004CD79-296D-41B4-99B7-6D1AEF3000C5}"
EndProject
Project("{FAE04EC0-301F-11D3-BF4B-00C04F79EFBC}") = "BikeRental.Tests", "BikeRental.Tests\BikeRental.Tests.csproj", "{383A3622-AE13-45D6-88D3-E8559613718E}"
EndProject
Global
	GlobalSection(SolutionConfigurationPlatforms) = preSolution
		Debug|Any CPU = Debug|Any CPU
		Release|Any CPU = Release|Any CPU
	EndGlobalSection
	GlobalSection(ProjectConfigurationPlatforms) = postSolution
		{1004CD79-296D-41B4-99B7-6D1AEF3000C5}.Debug|Any CPU.ActiveCfg = Debug|Any CPU
		{1004CD79-296D-41B4-99B7-6D1AEF3000C5}.Debug|Any CPU.Build.0 = Debug|Any CPU
		{1004CD79-296D-41B4-99B7-6D1AEF3000C5}.Release|Any CPU.ActiveCfg = Release|Any CPU
		{1004CD79-296D-41B4-99B7-6D1AEF3000C5}.Release|Any CPU.Build.0 = Release|Any CPU
		{383A3622-AE13-45D6-88D3-E8559613718E}.Debug|Any CPU.ActiveCfg = Debug|Any CPU
		{383A3622-AE13-45D6-88D3-E8559613718E}.Debug|Any CPU.Build.0 = Debug|Any CPU
		{383A3622-AE13-45D6-88D3-E8559613718E}.Release|Any CPU.ActiveCfg = Release|Any CPU
		{383A3622-AE13-45D6-88D3-E8559613718E}.Release|Any CPU.Build.0 = Release|Any CPU
	EndGlobalSection
EndGlobal
