
Microsoft Visual Studio Solution File, Format Version 12.00
Project("{FAE04EC0-301F-11D3-BF4B-00C04F79EFBC}") = "BikeRental.Domain", "BikeRental.Domain\BikeRental.Domain.csproj", "{1004CD79-296D-41B4-99B7-6D1AEF3000C5}"
EndProject
Project("{FAE04EC0-301F-11D3-BF4B-00C04F79EFBC}") = "BikeRental.Tests", "BikeRental.Tests\BikeRental.Tests.csproj", "{383A3622-AE13-45D6-88D3-E8559613718E}"
EndProject
Project("{FAE04EC0-301F-11D3-BF4B-00C04F79EFBC}") = "BikeRental.Application", "BikeRental.Application\BikeRental.Application.csproj", "{B68A0E95-AEB2-4C87-A527-9F89EB8B0032}"
EndProject
Project("{FAE04EC0-301F-11D3-BF4B-00C04F79EFBC}") = "BikeRental.Api", "BikeRental.Api\BikeRental.Api.csproj", "{F6A23387-A682-4FFC-A33F-E6354A4839CA}"
EndProject
Project("{FAE04EC0-301F-11D3-BF4B-00C04F79EFBC}") = "BikeRental.Infrastructure", "BikeRental.Infrastructure\BikeRental.Infrastructure.csproj", "{1EABEEC1-1941-44AC-B46F-42CD2381899C}"
EndProject
Project("{FAE04EC0-301F-11D3-BF4B-00C04F79EFBC}") = "BikeRental.Application.Contracts", "BikeRental.Application.Contracts\BikeRental.Application.Contracts.csproj", "{A637BFD7-2BE5-4B58-AB34-8330FE4D6B43}"
EndProject
Project("{FAE04EC0-301F-11D3-BF4B-00C04F79EFBC}") = "AppHost", "AppHost\AppHost.csproj", "{FFC8D593-B70B-430D-8FC5-A9F3EE1DDE17}"
EndProject
Project("{FAE04EC0-301F-11D3-BF4B-00C04F79EFBC}") = "BikeRental.Generator.Nats.Host", "BikeRental.Generator.Nats.Host\BikeRental.Generator.Nats.Host.csproj", "{3292CC61-FAAA-47C4-87BE-76E6CA5BB1C9}"
EndProject
Global
	GlobalSection(SolutionConfigurationPlatforms) = preSolution
		Debug|Any CPU = Debug|Any CPU
		Release|Any CPU = Release|Any CPU
	EndGlobalSection
	GlobalSection(ProjectConfigurationPlatforms) = postSolution
		{1004CD79-296D-41B4-99B7-6D1AEF3000C5}.Debug|Any CPU.ActiveCfg = Debug|Any CPU
		{1004CD79-296D-41B4-99B7-6D1AEF3000C5}.Debug|Any CPU.Build.0 = Debug|Any CPU
		{1004CD79-296D-41B4-99B7-6D1AEF3000C5}.Release|Any CPU.ActiveCfg = Release|Any CPU
		{1004CD79-296D-41B4-99B7-6D1AEF3000C5}.Release|Any CPU.Build.0 = Release|Any CPU
		{383A3622-AE13-45D6-88D3-E8559613718E}.Debug|Any CPU.ActiveCfg = Debug|Any CPU
		{383A3622-AE13-45D6-88D3-E8559613718E}.Debug|Any CPU.Build.0 = Debug|Any CPU
		{383A3622-AE13-45D6-88D3-E8559613718E}.Release|Any CPU.ActiveCfg = Release|Any CPU
		{383A3622-AE13-45D6-88D3-E8559613718E}.Release|Any CPU.Build.0 = Release|Any CPU
		{B68A0E95-AEB2-4C87-A527-9F89EB8B0032}.Debug|Any CPU.ActiveCfg = Debug|Any CPU
		{B68A0E95-AEB2-4C87-A527-9F89EB8B0032}.Debug|Any CPU.Build.0 = Debug|Any CPU
		{B68A0E95-AEB2-4C87-A527-9F89EB8B0032}.Release|Any CPU.ActiveCfg = Release|Any CPU
		{B68A0E95-AEB2-4C87-A527-9F89EB8B0032}.Release|Any CPU.Build.0 = Release|Any CPU
		{F6A23387-A682-4FFC-A33F-E6354A4839CA}.Debug|Any CPU.ActiveCfg = Debug|Any CPU
		{F6A23387-A682-4FFC-A33F-E6354A4839CA}.Debug|Any CPU.Build.0 = Debug|Any CPU
		{F6A23387-A682-4FFC-A33F-E6354A4839CA}.Release|Any CPU.ActiveCfg = Release|Any CPU
		{F6A23387-A682-4FFC-A33F-E6354A4839CA}.Release|Any CPU.Build.0 = Release|Any CPU
		{1EABEEC1-1941-44AC-B46F-42CD2381899C}.Debug|Any CPU.ActiveCfg = Debug|Any CPU
		{1EABEEC1-1941-44AC-B46F-42CD2381899C}.Debug|Any CPU.Build.0 = Debug|Any CPU
		{1EABEEC1-1941-44AC-B46F-42CD2381899C}.Release|Any CPU.ActiveCfg = Release|Any CPU
		{1EABEEC1-1941-44AC-B46F-42CD2381899C}.Release|Any CPU.Build.0 = Release|Any CPU
		{A637BFD7-2BE5-4B58-AB34-8330FE4D6B43}.Debug|Any CPU.ActiveCfg = Debug|Any CPU
		{A637BFD7-2BE5-4B58-AB34-8330FE4D6B43}.Debug|Any CPU.Build.0 = Debug|Any CPU
		{A637BFD7-2BE5-4B58-AB34-8330FE4D6B43}.Release|Any CPU.ActiveCfg = Release|Any CPU
		{A637BFD7-2BE5-4B58-AB34-8330FE4D6B43}.Release|Any CPU.Build.0 = Release|Any CPU
		{FFC8D593-B70B-430D-8FC5-A9F3EE1DDE17}.Debug|Any CPU.ActiveCfg = Debug|Any CPU
		{FFC8D593-B70B-430D-8FC5-A9F3EE1DDE17}.Debug|Any CPU.Build.0 = Debug|Any CPU
		{FFC8D593-B70B-430D-8FC5-A9F3EE1DDE17}.Release|Any CPU.ActiveCfg = Release|Any CPU
		{FFC8D593-B70B-430D-8FC5-A9F3EE1DDE17}.Release|Any CPU.Build.0 = Release|Any CPU
		{3292CC61-FAAA-47C4-87BE-76E6CA5BB1C9}.Debug|Any CPU.ActiveCfg = Debug|Any CPU
		{3292CC61-FAAA-47C4-87BE-76E6CA5BB1C9}.Debug|Any CPU.Build.0 = Debug|Any CPU
		{3292CC61-FAAA-47C4-87BE-76E6CA5BB1C9}.Release|Any CPU.ActiveCfg = Release|Any CPU
		{3292CC61-FAAA-47C4-87BE-76E6CA5BB1C9}.Release|Any CPU.Build.0 = Release|Any CPU
	EndGlobalSection
EndGlobal
